
Microsoft Visual Studio Solution File, Format Version 9.00
# Visual Studio 2005
Project("{FAE04EC0-301F-11D3-BF4B-00C04F79EFBC}") = "DevelopStuff.Examples.ColorChart.View", "DevelopStuff.Examples.ColorChart.View\DevelopStuff.Examples.ColorChart.View.csproj", "{DF62FCFE-E381-42C9-A46F-EB62A77F5FC8}"
EndProject
Project("{FAE04EC0-301F-11D3-BF4B-00C04F79EFBC}") = "DevelopStuff.Examples.ColorChart.Controls", "DevelopStuff.Examples.ColorChart.Controls\DevelopStuff.Examples.ColorChart.Controls.csproj", "{66BE5A54-53BB-4833-ACFB-BA404BE404C7}"
EndProject
Project("{FAE04EC0-301F-11D3-BF4B-00C04F79EFBC}") = "DevelopStuff.Examples.ColorChart.Core", "DevelopStuff.Examples.ColorChart.Core\DevelopStuff.Examples.ColorChart.Core.csproj", "{B3EF4358-837B-4902-9669-15D6E7E60C9F}"
EndProject
Project("{2150E333-8FDC-42A3-9474-1A3956D46DE8}") = "Solution Items", "Solution Items", "{49C93E57-ADD5-40B7-880E-80494737E452}"
	ProjectSection(SolutionItems) = preProject
		License.txt = License.txt
	EndProjectSection
EndProject
Global
	GlobalSection(SolutionConfigurationPlatforms) = preSolution
		Debug|Any CPU = Debug|Any CPU
		Release|Any CPU = Release|Any CPU
	EndGlobalSection
	GlobalSection(ProjectConfigurationPlatforms) = postSolution
		{DF62FCFE-E381-42C9-A46F-EB62A77F5FC8}.Debug|Any CPU.ActiveCfg = Debug|Any CPU
		{DF62FCFE-E381-42C9-A46F-EB62A77F5FC8}.Debug|Any CPU.Build.0 = Debug|Any CPU
		{DF62FCFE-E381-42C9-A46F-EB62A77F5FC8}.Release|Any CPU.ActiveCfg = Release|Any CPU
		{DF62FCFE-E381-42C9-A46F-EB62A77F5FC8}.Release|Any CPU.Build.0 = Release|Any CPU
		{66BE5A54-53BB-4833-ACFB-BA404BE404C7}.Debug|Any CPU.ActiveCfg = Debug|Any CPU
		{66BE5A54-53BB-4833-ACFB-BA404BE404C7}.Debug|Any CPU.Build.0 = Debug|Any CPU
		{66BE5A54-53BB-4833-ACFB-BA404BE404C7}.Release|Any CPU.ActiveCfg = Release|Any CPU
		{66BE5A54-53BB-4833-ACFB-BA404BE404C7}.Release|Any CPU.Build.0 = Release|Any CPU
		{B3EF4358-837B-4902-9669-15D6E7E60C9F}.Debug|Any CPU.ActiveCfg = Debug|Any CPU
		{B3EF4358-837B-4902-9669-15D6E7E60C9F}.Debug|Any CPU.Build.0 = Debug|Any CPU
		{B3EF4358-837B-4902-9669-15D6E7E60C9F}.Release|Any CPU.ActiveCfg = Release|Any CPU
		{B3EF4358-837B-4902-9669-15D6E7E60C9F}.Release|Any CPU.Build.0 = Release|Any CPU
	EndGlobalSection
	GlobalSection(SolutionProperties) = preSolution
		HideSolutionNode = FALSE
	EndGlobalSection
EndGlobal
